<?xml version="1.0" encoding="utf-8"?>
<Project ToolsVersion="4.0" xmlns="http://schemas.microsoft.com/developer/msbuild/2003">
  <ItemGroup>
    <Filter Include="소스 파일">
      <UniqueIdentifier>{4FC737F1-C7A5-4376-A066-2A32D752A2FF}</UniqueIdentifier>
      <Extensions>cpp;c;cc;cxx;c++;cppm;ixx;def;odl;idl;hpj;bat;asm;asmx</Extensions>
    </Filter>
    <Filter Include="헤더 파일">
      <UniqueIdentifier>{93995380-89BD-4b04-88EB-625FBE52EBFB}</UniqueIdentifier>
      <Extensions>h;hh;hpp;hxx;h++;hm;inl;inc;ipp;xsd</Extensions>
    </Filter>
    <Filter Include="리소스 파일">
      <UniqueIdentifier>{67DA6AB6-F800-4c08-8B7A-83BB121AAD01}</UniqueIdentifier>
      <Extensions>rc;ico;cur;bmp;dlg;rc2;rct;bin;rgs;gif;jpg;jpeg;jpe;resx;tiff;tif;png;wav;mfcribbon-ms</Extensions>
    </Filter>
  </ItemGroup>
  <ItemGroup>
    <ClCompile Include="main.cpp">
      <Filter>소스 파일</Filter>
    </ClCompile>
    <ClCompile Include="Player.cpp">
      <Filter>소스 파일</Filter>
    </ClCompile>
    <ClCompile Include="Boss.cpp">
      <Filter>소스 파일</Filter>
    </ClCompile>
    <ClCompile Include="Character.cpp">
      <Filter>소스 파일</Filter>
    </ClCompile>
    <ClCompile Include="Enemy.cpp">
      <Filter>소스 파일</Filter>
    </ClCompile>
    <ClCompile Include="stage.cpp">
      <Filter>소스 파일</Filter>
    </ClCompile>
    <ClCompile Include="InputKeyUpdate.cpp">
      <Filter>소스 파일</Filter>
    </ClCompile>
    <ClCompile Include="AntiTankMissile.cpp">
      <Filter>소스 파일</Filter>
    </ClCompile>
    <ClCompile Include="Bullet.cpp">
      <Filter>소스 파일</Filter>
    </ClCompile>
    <ClCompile Include="LandPlayerAttack.cpp">
      <Filter>소스 파일</Filter>
    </ClCompile>
    <ClCompile Include="Missile.cpp">
      <Filter>소스 파일</Filter>
    </ClCompile>
    <ClCompile Include="Projectile.cpp">
      <Filter>소스 파일</Filter>
    </ClCompile>
    <ClCompile Include="SeaPlayerAttack.cpp">
      <Filter>소스 파일</Filter>
    </ClCompile>
    <ClCompile Include="SkyPlayerAttack.cpp">
      <Filter>소스 파일</Filter>
    </ClCompile>
    <ClCompile Include="Torpedo.cpp">
      <Filter>소스 파일</Filter>
    </ClCompile>
    <ClCompile Include="Game.cpp">
      <Filter>소스 파일</Filter>
    </ClCompile>
  </ItemGroup>
  <ItemGroup>
    <ClInclude Include="Player.h">
      <Filter>헤더 파일</Filter>
    </ClInclude>
    <ClInclude Include="Boss.h">
      <Filter>헤더 파일</Filter>
    </ClInclude>
    <ClInclude Include="Character.h">
      <Filter>헤더 파일</Filter>
    </ClInclude>
    <ClInclude Include="Enemy.h">
      <Filter>헤더 파일</Filter>
    </ClInclude>
    <ClInclude Include="stage.h">
      <Filter>헤더 파일</Filter>
    </ClInclude>
    <ClInclude Include="PlayerAttack.h">
      <Filter>헤더 파일</Filter>
    </ClInclude>
    <ClInclude Include="EnemyAttack.h">
      <Filter>헤더 파일</Filter>
    </ClInclude>
    <ClInclude Include="SkyPlayerAttack.h">
      <Filter>헤더 파일</Filter>
    </ClInclude>
    <ClInclude Include="SeaPlayerAttack.h">
      <Filter>헤더 파일</Filter>
    </ClInclude>
    <ClInclude Include="LandPlayerAttack.h">
      <Filter>헤더 파일</Filter>
    </ClInclude>
    <ClInclude Include="InputKeyUpdate.h">
      <Filter>헤더 파일</Filter>
    </ClInclude>
    <ClInclude Include="AntiTankMissile.h">
      <Filter>헤더 파일</Filter>
    </ClInclude>
    <ClInclude Include="Bullet.h">
      <Filter>헤더 파일</Filter>
    </ClInclude>
    <ClInclude Include="Missile.h">
      <Filter>헤더 파일</Filter>
    </ClInclude>
    <ClInclude Include="Projectile.h">
      <Filter>헤더 파일</Filter>
    </ClInclude>
    <ClInclude Include="Torpedo.h">
      <Filter>헤더 파일</Filter>
    </ClInclude>
    <ClInclude Include="Game.h">
      <Filter>헤더 파일</Filter>
    </ClInclude>
    <ClInclude Include="SkyEnemyAttack.h">
      <Filter>헤더 파일</Filter>
    </ClInclude>
    <ClInclude Include="SeaEnemyAttack.h">
      <Filter>헤더 파일</Filter>
    </ClInclude>
    <ClInclude Include="LandEnemyAttack.h">
      <Filter>헤더 파일</Filter>
    </ClInclude>
  </ItemGroup>
  <ItemGroup>
    <Image Include="sky.PNG">
      <Filter>리소스 파일</Filter>
    </Image>
    <Image Include="sky_elite_unit.png">
      <Filter>리소스 파일</Filter>
    </Image>
    <Image Include="sky_enemy_unit.PNG">
      <Filter>리소스 파일</Filter>
    </Image>
    <Image Include="sky_my_unit.PNG">
      <Filter>리소스 파일</Filter>
    </Image>
    <Image Include="sea.png">
      <Filter>리소스 파일</Filter>
    </Image>
    <Image Include="sea_elite_unit.png">
      <Filter>리소스 파일</Filter>
    </Image>
    <Image Include="sea_enemy_unit.png">
      <Filter>리소스 파일</Filter>
    </Image>
    <Image Include="sea_my_unit.png">
      <Filter>리소스 파일</Filter>
    </Image>
    <Image Include="land.png">
      <Filter>리소스 파일</Filter>
    </Image>
    <Image Include="land_elite_unit.png">
      <Filter>리소스 파일</Filter>
    </Image>
    <Image Include="land_enemy_unit.png">
      <Filter>리소스 파일</Filter>
    </Image>
    <Image Include="land_my_unit_left.png">
      <Filter>리소스 파일</Filter>
    </Image>
    <Image Include="land_my_unit_right.png">
      <Filter>리소스 파일</Filter>
    </Image>
  </ItemGroup>
</Project>